PODS:
  - AppAuth (1.7.3):
    - AppAuth/Core (= 1.7.3)
    - AppAuth/ExternalUserAgent (= 1.7.3)
  - AppAuth/Core (1.7.3)
  - AppAuth/ExternalUserAgent (1.7.3):
    - AppAuth/Core
  - boost (1.76.0)
  - BVLinearGradient (2.8.3):
    - React-Core
  - DoubleConversion (1.1.6)
  - FBAEMKit (16.1.3):
    - FBSDKCoreKit_Basics (= 16.1.3)
  - FBLazyVector (0.71.11)
  - FBReactNativeSpec (0.71.11):
    - RCT-Folly (= 2021.07.22.00)
    - RCTRequired (= 0.71.11)
    - RCTTypeSafety (= 0.71.11)
    - React-Core (= 0.71.11)
    - React-jsi (= 0.71.11)
    - ReactCommon/turbomodule/core (= 0.71.11)
  - FBSDKCoreKit (16.1.3):
    - FBAEMKit (= 16.1.3)
    - FBSDKCoreKit_Basics (= 16.1.3)
  - FBSDKCoreKit_Basics (16.1.3)
  - FBSDKGamingServicesKit (16.1.3):
    - FBSDKCoreKit (= 16.1.3)
    - FBSDKCoreKit_Basics (= 16.1.3)
    - FBSDKShareKit (= 16.1.3)
  - FBSDKLoginKit (16.1.3):
    - FBSDKCoreKit (= 16.1.3)
  - FBSDKShareKit (16.1.3):
    - FBSDKCoreKit (= 16.1.3)
  - fmt (6.2.1)
  - glog (0.3.5)
  - Google-Maps-iOS-Utils (4.2.2):
    - Google-Maps-iOS-Utils/Clustering (= 4.2.2)
    - Google-Maps-iOS-Utils/Geometry (= 4.2.2)
    - Google-Maps-iOS-Utils/GeometryUtils (= 4.2.2)
    - Google-Maps-iOS-Utils/Heatmap (= 4.2.2)
    - Google-Maps-iOS-Utils/QuadTree (= 4.2.2)
    - GoogleMaps (~> 7.3)
  - Google-Maps-iOS-Utils/Clustering (4.2.2):
    - Google-Maps-iOS-Utils/QuadTree
    - GoogleMaps (~> 7.3)
  - Google-Maps-iOS-Utils/Geometry (4.2.2):
    - GoogleMaps (~> 7.3)
  - Google-Maps-iOS-Utils/GeometryUtils (4.2.2):
    - GoogleMaps (~> 7.3)
  - Google-Maps-iOS-Utils/Heatmap (4.2.2):
    - Google-Maps-iOS-Utils/QuadTree
    - GoogleMaps (~> 7.3)
  - Google-Maps-iOS-Utils/QuadTree (4.2.2):
    - GoogleMaps (~> 7.3)
  - GoogleMaps (7.4.0):
    - GoogleMaps/Maps (= 7.4.0)
  - GoogleMaps/Base (7.4.0)
  - GoogleMaps/Maps (7.4.0):
    - GoogleMaps/Base
  - GoogleSignIn (7.0.0):
    - AppAuth (~> 1.5)
    - GTMAppAuth (< 3.0, >= 1.3)
    - GTMSessionFetcher/Core (< 4.0, >= 1.1)
  - GTMAppAuth (2.0.0):
    - AppAuth/Core (~> 1.6)
    - GTMSessionFetcher/Core (< 4.0, >= 1.5)
  - GTMSessionFetcher/Core (3.3.1)
  - libwebp (1.3.2):
    - libwebp/demux (= 1.3.2)
    - libwebp/mux (= 1.3.2)
    - libwebp/sharpyuv (= 1.3.2)
    - libwebp/webp (= 1.3.2)
  - libwebp/demux (1.3.2):
    - libwebp/webp
  - libwebp/mux (1.3.2):
    - libwebp/demux
  - libwebp/sharpyuv (1.3.2)
  - libwebp/webp (1.3.2):
    - libwebp/sharpyuv
  - MapboxCommon (23.10.1)
  - MapboxCoreMaps (10.18.0):
    - MapboxCommon (~> 23.10)
  - MapboxMaps (10.18.2):
    - MapboxCommon (= 23.10.1)
    - MapboxCoreMaps (= 10.18.0)
    - MapboxMobileEvents (= 1.0.10)
    - Turf (= 2.8.0)
  - MapboxMobileEvents (1.0.10)
  - OneSignalXCFramework (3.12.9):
    - OneSignalXCFramework/OneSignalCore (= 3.12.9)
    - OneSignalXCFramework/OneSignalExtension (= 3.12.9)
    - OneSignalXCFramework/OneSignalOutcomes (= 3.12.9)
  - OneSignalXCFramework/OneSignalCore (3.12.9)
  - OneSignalXCFramework/OneSignalExtension (3.12.9):
    - OneSignalXCFramework/OneSignalCore
    - OneSignalXCFramework/OneSignalOutcomes
  - OneSignalXCFramework/OneSignalOutcomes (3.12.9):
    - OneSignalXCFramework/OneSignalCore
  - RCT-Folly (2021.07.22.00):
    - boost
    - DoubleConversion
    - fmt (~> 6.2.1)
    - glog
    - RCT-Folly/Default (= 2021.07.22.00)
  - RCT-Folly/Default (2021.07.22.00):
    - boost
    - DoubleConversion
    - fmt (~> 6.2.1)
    - glog
  - RCTRequired (0.71.11)
  - RCTTypeSafety (0.71.11):
    - FBLazyVector (= 0.71.11)
    - RCTRequired (= 0.71.11)
    - React-Core (= 0.71.11)
  - React (0.71.11):
    - React-Core (= 0.71.11)
    - React-Core/DevSupport (= 0.71.11)
    - React-Core/RCTWebSocket (= 0.71.11)
    - React-RCTActionSheet (= 0.71.11)
    - React-RCTAnimation (= 0.71.11)
    - React-RCTBlob (= 0.71.11)
    - React-RCTImage (= 0.71.11)
    - React-RCTLinking (= 0.71.11)
    - React-RCTNetwork (= 0.71.11)
    - React-RCTSettings (= 0.71.11)
    - React-RCTText (= 0.71.11)
    - React-RCTVibration (= 0.71.11)
  - React-callinvoker (0.71.11)
  - React-Codegen (0.71.11):
    - FBReactNativeSpec
    - RCT-Folly
    - RCTRequired
    - RCTTypeSafety
    - React-Core
    - React-jsc
    - React-jsi
    - React-jsiexecutor
    - ReactCommon/turbomodule/bridging
    - ReactCommon/turbomodule/core
  - React-Core (0.71.11):
    - glog
    - RCT-Folly (= 2021.07.22.00)
    - React-Core/Default (= 0.71.11)
    - React-cxxreact (= 0.71.11)
    - React-jsc
    - React-jsi (= 0.71.11)
    - React-jsiexecutor (= 0.71.11)
    - React-perflogger (= 0.71.11)
    - Yoga
  - React-Core/CoreModulesHeaders (0.71.11):
    - glog
    - RCT-Folly (= 2021.07.22.00)
    - React-Core/Default
    - React-cxxreact (= 0.71.11)
    - React-jsc
    - React-jsi (= 0.71.11)
    - React-jsiexecutor (= 0.71.11)
    - React-perflogger (= 0.71.11)
    - Yoga
  - React-Core/Default (0.71.11):
    - glog
    - RCT-Folly (= 2021.07.22.00)
    - React-cxxreact (= 0.71.11)
    - React-jsc
    - React-jsi (= 0.71.11)
    - React-jsiexecutor (= 0.71.11)
    - React-perflogger (= 0.71.11)
    - Yoga
  - React-Core/DevSupport (0.71.11):
    - glog
    - RCT-Folly (= 2021.07.22.00)
    - React-Core/Default (= 0.71.11)
    - React-Core/RCTWebSocket (= 0.71.11)
    - React-cxxreact (= 0.71.11)
    - React-jsc
    - React-jsi (= 0.71.11)
    - React-jsiexecutor (= 0.71.11)
    - React-jsinspector (= 0.71.11)
    - React-perflogger (= 0.71.11)
    - Yoga
  - React-Core/RCTActionSheetHeaders (0.71.11):
    - glog
    - RCT-Folly (= 2021.07.22.00)
    - React-Core/Default
    - React-cxxreact (= 0.71.11)
    - React-jsc
    - React-jsi (= 0.71.11)
    - React-jsiexecutor (= 0.71.11)
    - React-perflogger (= 0.71.11)
    - Yoga
  - React-Core/RCTAnimationHeaders (0.71.11):
    - glog
    - RCT-Folly (= 2021.07.22.00)
    - React-Core/Default
    - React-cxxreact (= 0.71.11)
    - React-jsc
    - React-jsi (= 0.71.11)
    - React-jsiexecutor (= 0.71.11)
    - React-perflogger (= 0.71.11)
    - Yoga
  - React-Core/RCTBlobHeaders (0.71.11):
    - glog
    - RCT-Folly (= 2021.07.22.00)
    - React-Core/Default
    - React-cxxreact (= 0.71.11)
    - React-jsc
    - React-jsi (= 0.71.11)
    - React-jsiexecutor (= 0.71.11)
    - React-perflogger (= 0.71.11)
    - Yoga
  - React-Core/RCTImageHeaders (0.71.11):
    - glog
    - RCT-Folly (= 2021.07.22.00)
    - React-Core/Default
    - React-cxxreact (= 0.71.11)
    - React-jsc
    - React-jsi (= 0.71.11)
    - React-jsiexecutor (= 0.71.11)
    - React-perflogger (= 0.71.11)
    - Yoga
  - React-Core/RCTLinkingHeaders (0.71.11):
    - glog
    - RCT-Folly (= 2021.07.22.00)
    - React-Core/Default
    - React-cxxreact (= 0.71.11)
    - React-jsc
    - React-jsi (= 0.71.11)
    - React-jsiexecutor (= 0.71.11)
    - React-perflogger (= 0.71.11)
    - Yoga
  - React-Core/RCTNetworkHeaders (0.71.11):
    - glog
    - RCT-Folly (= 2021.07.22.00)
    - React-Core/Default
    - React-cxxreact (= 0.71.11)
    - React-jsc
    - React-jsi (= 0.71.11)
    - React-jsiexecutor (= 0.71.11)
    - React-perflogger (= 0.71.11)
    - Yoga
  - React-Core/RCTSettingsHeaders (0.71.11):
    - glog
    - RCT-Folly (= 2021.07.22.00)
    - React-Core/Default
    - React-cxxreact (= 0.71.11)
    - React-jsc
    - React-jsi (= 0.71.11)
    - React-jsiexecutor (= 0.71.11)
    - React-perflogger (= 0.71.11)
    - Yoga
  - React-Core/RCTTextHeaders (0.71.11):
    - glog
    - RCT-Folly (= 2021.07.22.00)
    - React-Core/Default
    - React-cxxreact (= 0.71.11)
    - React-jsc
    - React-jsi (= 0.71.11)
    - React-jsiexecutor (= 0.71.11)
    - React-perflogger (= 0.71.11)
    - Yoga
  - React-Core/RCTVibrationHeaders (0.71.11):
    - glog
    - RCT-Folly (= 2021.07.22.00)
    - React-Core/Default
    - React-cxxreact (= 0.71.11)
    - React-jsc
    - React-jsi (= 0.71.11)
    - React-jsiexecutor (= 0.71.11)
    - React-perflogger (= 0.71.11)
    - Yoga
  - React-Core/RCTWebSocket (0.71.11):
    - glog
    - RCT-Folly (= 2021.07.22.00)
    - React-Core/Default (= 0.71.11)
    - React-cxxreact (= 0.71.11)
    - React-jsc
    - React-jsi (= 0.71.11)
    - React-jsiexecutor (= 0.71.11)
    - React-perflogger (= 0.71.11)
    - Yoga
  - React-CoreModules (0.71.11):
    - RCT-Folly (= 2021.07.22.00)
    - RCTTypeSafety (= 0.71.11)
    - React-Codegen (= 0.71.11)
    - React-Core/CoreModulesHeaders (= 0.71.11)
    - React-jsi (= 0.71.11)
    - React-RCTBlob
    - React-RCTImage (= 0.71.11)
    - ReactCommon/turbomodule/core (= 0.71.11)
  - React-cxxreact (0.71.11):
    - boost (= 1.76.0)
    - DoubleConversion
    - glog
    - RCT-Folly (= 2021.07.22.00)
    - React-callinvoker (= 0.71.11)
    - React-jsi (= 0.71.11)
    - React-jsinspector (= 0.71.11)
    - React-logger (= 0.71.11)
    - React-perflogger (= 0.71.11)
    - React-runtimeexecutor (= 0.71.11)
  - React-jsc (0.71.11):
    - React-jsc/Fabric (= 0.71.11)
    - React-jsi (= 0.71.11)
  - React-jsc/Fabric (0.71.11):
    - React-jsi (= 0.71.11)
  - React-jsi (0.71.11):
    - boost (= 1.76.0)
    - DoubleConversion
    - glog
    - RCT-Folly (= 2021.07.22.00)
  - React-jsiexecutor (0.71.11):
    - DoubleConversion
    - glog
    - RCT-Folly (= 2021.07.22.00)
    - React-cxxreact (= 0.71.11)
    - React-jsi (= 0.71.11)
    - React-perflogger (= 0.71.11)
  - React-jsinspector (0.71.11)
  - React-logger (0.71.11):
    - glog
  - react-native-blur (4.4.0):
    - RCT-Folly (= 2021.07.22.00)
    - React-Core
  - react-native-cameraroll (7.4.2):
    - RCT-Folly (= 2021.07.22.00)
    - React-Core
  - react-native-compass-heading (1.5.0):
    - React-Core
  - react-native-contacts (7.0.8):
    - React-Core
  - react-native-fbsdk-next (12.1.2):
    - React-Core
    - react-native-fbsdk-next/Core (= 12.1.2)
    - react-native-fbsdk-next/Login (= 12.1.2)
    - react-native-fbsdk-next/Share (= 12.1.2)
  - react-native-fbsdk-next/Core (12.1.2):
    - FBSDKCoreKit (~> 16.1.3)
    - React-Core
  - react-native-fbsdk-next/Login (12.1.2):
    - FBSDKLoginKit (~> 16.1.3)
    - React-Core
  - react-native-fbsdk-next/Share (12.1.2):
    - FBSDKGamingServicesKit (~> 16.1.3)
    - FBSDKShareKit (~> 16.1.3)
    - React-Core
  - react-native-geolocation-service (5.3.1):
    - React
  - react-native-get-random-values (1.10.0):
    - React-Core
  - react-native-google-maps (1.14.0):
    - Google-Maps-iOS-Utils (= 4.2.2)
    - GoogleMaps (= 7.4.0)
    - React-Core
  - react-native-image-picker (7.1.0):
    - RCT-Folly (= 2021.07.22.00)
    - React-Core
  - react-native-image-resizer (1.4.5):
    - React-Core
  - react-native-maps (1.14.0):
    - React-Core
  - react-native-onesignal (4.5.3):
    - OneSignalXCFramework (= 3.12.9)
    - React (< 1.0.0, >= 0.13.0)
  - react-native-pager-view (6.3.1):
    - RCT-Folly (= 2021.07.22.00)
    - React-Core
  - react-native-render-html (6.3.4):
    - React-Core
  - react-native-safe-area-context (4.5.3):
    - RCT-Folly
    - RCTRequired
    - RCTTypeSafety
    - React-Core
    - ReactCommon/turbomodule/core
  - react-native-splash-screen (3.3.0):
    - React-Core
  - react-native-tiktok (1.0.1):
    - React-Core
    - TikTokOpenSDK (= 5.0.15)
  - react-native-video (5.2.1):
    - React-Core
    - react-native-video/Video (= 5.2.1)
  - react-native-video/Video (5.2.1):
    - React-Core
  - react-native-view-shot (3.8.0):
    - React-Core
  - react-native-webview (13.10.5):
    - RCT-Folly (= 2021.07.22.00)
    - React-Core
  - React-perflogger (0.71.11)
  - React-RCTActionSheet (0.71.11):
    - React-Core/RCTActionSheetHeaders (= 0.71.11)
  - React-RCTAnimation (0.71.11):
    - RCT-Folly (= 2021.07.22.00)
    - RCTTypeSafety (= 0.71.11)
    - React-Codegen (= 0.71.11)
    - React-Core/RCTAnimationHeaders (= 0.71.11)
    - React-jsi (= 0.71.11)
    - ReactCommon/turbomodule/core (= 0.71.11)
  - React-RCTAppDelegate (0.71.11):
    - RCT-Folly
    - RCTRequired
    - RCTTypeSafety
    - React-Core
    - ReactCommon/turbomodule/core
  - React-RCTBlob (0.71.11):
    - RCT-Folly (= 2021.07.22.00)
    - React-Codegen (= 0.71.11)
    - React-Core/RCTBlobHeaders (= 0.71.11)
    - React-Core/RCTWebSocket (= 0.71.11)
    - React-jsi (= 0.71.11)
    - React-RCTNetwork (= 0.71.11)
    - ReactCommon/turbomodule/core (= 0.71.11)
  - React-RCTImage (0.71.11):
    - RCT-Folly (= 2021.07.22.00)
    - RCTTypeSafety (= 0.71.11)
    - React-Codegen (= 0.71.11)
    - React-Core/RCTImageHeaders (= 0.71.11)
    - React-jsi (= 0.71.11)
    - React-RCTNetwork (= 0.71.11)
    - ReactCommon/turbomodule/core (= 0.71.11)
  - React-RCTLinking (0.71.11):
    - React-Codegen (= 0.71.11)
    - React-Core/RCTLinkingHeaders (= 0.71.11)
    - React-jsi (= 0.71.11)
    - ReactCommon/turbomodule/core (= 0.71.11)
  - React-RCTNetwork (0.71.11):
    - RCT-Folly (= 2021.07.22.00)
    - RCTTypeSafety (= 0.71.11)
    - React-Codegen (= 0.71.11)
    - React-Core/RCTNetworkHeaders (= 0.71.11)
    - React-jsi (= 0.71.11)
    - ReactCommon/turbomodule/core (= 0.71.11)
  - React-RCTSettings (0.71.11):
    - RCT-Folly (= 2021.07.22.00)
    - RCTTypeSafety (= 0.71.11)
    - React-Codegen (= 0.71.11)
    - React-Core/RCTSettingsHeaders (= 0.71.11)
    - React-jsi (= 0.71.11)
    - ReactCommon/turbomodule/core (= 0.71.11)
  - React-RCTText (0.71.11):
    - React-Core/RCTTextHeaders (= 0.71.11)
  - React-RCTVibration (0.71.11):
    - RCT-Folly (= 2021.07.22.00)
    - React-Codegen (= 0.71.11)
    - React-Core/RCTVibrationHeaders (= 0.71.11)
    - React-jsi (= 0.71.11)
    - ReactCommon/turbomodule/core (= 0.71.11)
  - React-runtimeexecutor (0.71.11):
    - React-jsi (= 0.71.11)
  - ReactCommon/turbomodule/bridging (0.71.11):
    - DoubleConversion
    - glog
    - RCT-Folly (= 2021.07.22.00)
    - React-callinvoker (= 0.71.11)
    - React-Core (= 0.71.11)
    - React-cxxreact (= 0.71.11)
    - React-jsi (= 0.71.11)
    - React-logger (= 0.71.11)
    - React-perflogger (= 0.71.11)
  - ReactCommon/turbomodule/core (0.71.11):
    - DoubleConversion
    - glog
    - RCT-Folly (= 2021.07.22.00)
    - React-callinvoker (= 0.71.11)
    - React-Core (= 0.71.11)
    - React-cxxreact (= 0.71.11)
    - React-jsi (= 0.71.11)
    - React-logger (= 0.71.11)
    - React-perflogger (= 0.71.11)
  - ReactNativeGetLocation (4.0.1):
    - React-Core
  - rn-fetch-blob (0.12.0):
    - React-Core
  - RNAppleAuthentication (2.3.0):
    - React-Core
  - RNCAsyncStorage (1.21.0):
    - React-Core
  - RNCMaskedView (0.2.9):
    - React-Core
  - RNDateTimePicker (7.6.2):
    - React-Core
  - RNFastImage (8.6.3):
    - React-Core
    - SDWebImage (~> 5.14.3)
    - SDWebImageWebPCoder (~> 0.8.4)
  - RNFS (2.20.0):
    - React-Core
  - RNGestureHandler (2.10.1):
    - React-Core
  - RNGoogleSignin (11.0.0):
    - GoogleSignIn (~> 7.0)
    - React-Core
  - RNImageCropPicker (0.36.2):
    - React-Core
    - React-RCTImage
    - RNImageCropPicker/QBImagePickerController (= 0.36.2)
    - TOCropViewController
  - RNImageCropPicker/QBImagePickerController (0.36.2):
    - React-Core
    - React-RCTImage
    - TOCropViewController
  - rnmapbox-maps (10.1.31):
    - MapboxMaps (~> 10.18.2)
    - React
    - React-Core
    - rnmapbox-maps/DynamicLibrary (= 10.1.31)
    - Turf
  - rnmapbox-maps/DynamicLibrary (10.1.31):
    - MapboxMaps (~> 10.18.2)
    - React
    - React-Core
    - Turf
  - RNPermissions (4.1.0):
    - React-Core
  - RNReanimated (2.14.4):
    - DoubleConversion
    - FBLazyVector
    - FBReactNativeSpec
    - glog
    - RCT-Folly
    - RCTRequired
    - RCTTypeSafety
    - React-callinvoker
    - React-Core
    - React-Core/DevSupport
    - React-Core/RCTWebSocket
    - React-CoreModules
    - React-cxxreact
    - React-jsi
    - React-jsiexecutor
    - React-jsinspector
    - React-RCTActionSheet
    - React-RCTAnimation
    - React-RCTBlob
    - React-RCTImage
    - React-RCTLinking
    - React-RCTNetwork
    - React-RCTSettings
    - React-RCTText
    - ReactCommon/turbomodule/core
    - Yoga
  - RNScreens (3.32.0):
    - RCT-Folly (= 2021.07.22.00)
    - React-Core
    - React-RCTImage
  - RNShare (10.0.2):
    - React-Core
  - RNSound (0.11.2):
    - React-Core
    - RNSound/Core (= 0.11.2)
  - RNSound/Core (0.11.2):
    - React-Core
  - RNSVG (14.1.0):
    - React-Core
  - RNZipArchive (6.1.0):
    - React-Core
    - RNZipArchive/Core (= 6.1.0)
    - SSZipArchive (~> 2.2)
  - RNZipArchive/Core (6.1.0):
    - React-Core
    - SSZipArchive (~> 2.2)
  - SDWebImage (5.14.3):
    - SDWebImage/Core (= 5.14.3)
  - SDWebImage/Core (5.14.3)
  - SDWebImageWebPCoder (0.8.5):
    - libwebp (~> 1.0)
    - SDWebImage/Core (~> 5.10)
  - SSZipArchive (2.4.3)
  - TikTokOpenSDK (5.0.15)
  - TOCropViewController (2.6.1)
  - Turf (2.8.0)
  - ViroKit (1.0):
    - React
  - ViroReact (1.0):
    - React
  - Yoga (1.14.0)

DEPENDENCIES:
  - boost (from `../node_modules/react-native/third-party-podspecs/boost.podspec`)
  - BVLinearGradient (from `../node_modules/react-native-linear-gradient`)
  - DoubleConversion (from `../node_modules/react-native/third-party-podspecs/DoubleConversion.podspec`)
  - FBLazyVector (from `../node_modules/react-native/Libraries/FBLazyVector`)
  - FBReactNativeSpec (from `../node_modules/react-native/React/FBReactNativeSpec`)
  - glog (from `../node_modules/react-native/third-party-podspecs/glog.podspec`)
  - GoogleMaps
  - RCT-Folly (from `../node_modules/react-native/third-party-podspecs/RCT-Folly.podspec`)
  - RCTRequired (from `../node_modules/react-native/Libraries/RCTRequired`)
  - RCTTypeSafety (from `../node_modules/react-native/Libraries/TypeSafety`)
  - React (from `../node_modules/react-native/`)
  - React-callinvoker (from `../node_modules/react-native/ReactCommon/callinvoker`)
  - React-Codegen (from `build/generated/ios`)
  - React-Core (from `../node_modules/react-native/`)
  - React-Core/RCTWebSocket (from `../node_modules/react-native/`)
  - React-CoreModules (from `../node_modules/react-native/React/CoreModules`)
  - React-cxxreact (from `../node_modules/react-native/ReactCommon/cxxreact`)
  - React-jsc (from `../node_modules/react-native/ReactCommon/jsc`)
  - React-jsi (from `../node_modules/react-native/ReactCommon/jsi`)
  - React-jsiexecutor (from `../node_modules/react-native/ReactCommon/jsiexecutor`)
  - React-jsinspector (from `../node_modules/react-native/ReactCommon/jsinspector`)
  - React-logger (from `../node_modules/react-native/ReactCommon/logger`)
  - "react-native-blur (from `../node_modules/@react-native-community/blur`)"
  - "react-native-cameraroll (from `../node_modules/@react-native-camera-roll/camera-roll`)"
  - react-native-compass-heading (from `../node_modules/react-native-compass-heading`)
  - react-native-contacts (from `../node_modules/react-native-contacts`)
  - react-native-fbsdk-next (from `../node_modules/react-native-fbsdk-next`)
  - react-native-geolocation-service (from `../node_modules/react-native-geolocation-service`)
  - react-native-get-random-values (from `../node_modules/react-native-get-random-values`)
  - react-native-google-maps (from `../node_modules/react-native-maps`)
  - react-native-image-picker (from `../node_modules/react-native-image-picker`)
  - react-native-image-resizer (from `../node_modules/react-native-image-resizer`)
  - react-native-maps (from `../node_modules/react-native-maps`)
  - react-native-onesignal (from `../node_modules/react-native-onesignal`)
  - react-native-pager-view (from `../node_modules/react-native-pager-view`)
  - react-native-render-html (from `../node_modules/react-native-render-html`)
  - react-native-safe-area-context (from `../node_modules/react-native-safe-area-context`)
  - react-native-splash-screen (from `../node_modules/react-native-splash-screen`)
  - react-native-tiktok (from `../node_modules/react-native-tiktok`)
  - react-native-video (from `../node_modules/react-native-video`)
  - react-native-view-shot (from `../node_modules/react-native-view-shot`)
  - react-native-webview (from `../node_modules/react-native-webview`)
  - React-perflogger (from `../node_modules/react-native/ReactCommon/reactperflogger`)
  - React-RCTActionSheet (from `../node_modules/react-native/Libraries/ActionSheetIOS`)
  - React-RCTAnimation (from `../node_modules/react-native/Libraries/NativeAnimation`)
  - React-RCTAppDelegate (from `../node_modules/react-native/Libraries/AppDelegate`)
  - React-RCTBlob (from `../node_modules/react-native/Libraries/Blob`)
  - React-RCTImage (from `../node_modules/react-native/Libraries/Image`)
  - React-RCTLinking (from `../node_modules/react-native/Libraries/LinkingIOS`)
  - React-RCTNetwork (from `../node_modules/react-native/Libraries/Network`)
  - React-RCTSettings (from `../node_modules/react-native/Libraries/Settings`)
  - React-RCTText (from `../node_modules/react-native/Libraries/Text`)
  - React-RCTVibration (from `../node_modules/react-native/Libraries/Vibration`)
  - React-runtimeexecutor (from `../node_modules/react-native/ReactCommon/runtimeexecutor`)
  - ReactCommon/turbomodule/core (from `../node_modules/react-native/ReactCommon`)
  - ReactNativeGetLocation (from `../node_modules/react-native-get-location`)
  - rn-fetch-blob (from `../node_modules/rn-fetch-blob`)
  - "RNAppleAuthentication (from `../node_modules/@invertase/react-native-apple-authentication`)"
  - "RNCAsyncStorage (from `../node_modules/@react-native-async-storage/async-storage`)"
  - "RNCMaskedView (from `../node_modules/@react-native-masked-view/masked-view`)"
  - "RNDateTimePicker (from `../node_modules/@react-native-community/datetimepicker`)"
  - RNFastImage (from `../node_modules/react-native-fast-image`)
  - RNFS (from `../node_modules/react-native-fs`)
  - RNGestureHandler (from `../node_modules/react-native-gesture-handler`)
  - "RNGoogleSignin (from `../node_modules/@react-native-google-signin/google-signin`)"
  - RNImageCropPicker (from `../node_modules/react-native-image-crop-picker`)
  - "rnmapbox-maps (from `../node_modules/@rnmapbox/maps`)"
  - RNPermissions (from `../node_modules/react-native-permissions`)
  - RNReanimated (from `../node_modules/react-native-reanimated`)
  - RNScreens (from `../node_modules/react-native-screens`)
  - RNShare (from `../node_modules/react-native-share`)
  - RNSound (from `../node_modules/react-native-sound`)
  - RNSVG (from `../node_modules/react-native-svg`)
  - RNZipArchive (from `../node_modules/react-native-zip-archive`)
  - TikTokOpenSDK (~> 5.0.15)
  - "ViroKit (from `../node_modules/@viro-community/react-viro/ios/dist/ViroRenderer/`)"
  - "ViroReact (from `../node_modules/@viro-community/react-viro/ios/`)"
  - Yoga (from `../node_modules/react-native/ReactCommon/yoga`)

SPEC REPOS:
  trunk:
    - AppAuth
    - FBAEMKit
    - FBSDKCoreKit
    - FBSDKCoreKit_Basics
    - FBSDKGamingServicesKit
    - FBSDKLoginKit
    - FBSDKShareKit
    - fmt
    - Google-Maps-iOS-Utils
    - GoogleMaps
    - GoogleSignIn
    - GTMAppAuth
    - GTMSessionFetcher
    - libwebp
    - MapboxCommon
    - MapboxCoreMaps
    - MapboxMaps
    - MapboxMobileEvents
    - OneSignalXCFramework
    - SDWebImage
    - SDWebImageWebPCoder
    - SSZipArchive
    - TikTokOpenSDK
    - TOCropViewController
    - Turf

EXTERNAL SOURCES:
  boost:
    :podspec: "../node_modules/react-native/third-party-podspecs/boost.podspec"
  BVLinearGradient:
    :path: "../node_modules/react-native-linear-gradient"
  DoubleConversion:
    :podspec: "../node_modules/react-native/third-party-podspecs/DoubleConversion.podspec"
  FBLazyVector:
    :path: "../node_modules/react-native/Libraries/FBLazyVector"
  FBReactNativeSpec:
    :path: "../node_modules/react-native/React/FBReactNativeSpec"
  glog:
    :podspec: "../node_modules/react-native/third-party-podspecs/glog.podspec"
  RCT-Folly:
    :podspec: "../node_modules/react-native/third-party-podspecs/RCT-Folly.podspec"
  RCTRequired:
    :path: "../node_modules/react-native/Libraries/RCTRequired"
  RCTTypeSafety:
    :path: "../node_modules/react-native/Libraries/TypeSafety"
  React:
    :path: "../node_modules/react-native/"
  React-callinvoker:
    :path: "../node_modules/react-native/ReactCommon/callinvoker"
  React-Codegen:
    :path: build/generated/ios
  React-Core:
    :path: "../node_modules/react-native/"
  React-CoreModules:
    :path: "../node_modules/react-native/React/CoreModules"
  React-cxxreact:
    :path: "../node_modules/react-native/ReactCommon/cxxreact"
  React-jsc:
    :path: "../node_modules/react-native/ReactCommon/jsc"
  React-jsi:
    :path: "../node_modules/react-native/ReactCommon/jsi"
  React-jsiexecutor:
    :path: "../node_modules/react-native/ReactCommon/jsiexecutor"
  React-jsinspector:
    :path: "../node_modules/react-native/ReactCommon/jsinspector"
  React-logger:
    :path: "../node_modules/react-native/ReactCommon/logger"
  react-native-blur:
    :path: "../node_modules/@react-native-community/blur"
  react-native-cameraroll:
    :path: "../node_modules/@react-native-camera-roll/camera-roll"
  react-native-compass-heading:
    :path: "../node_modules/react-native-compass-heading"
  react-native-contacts:
    :path: "../node_modules/react-native-contacts"
  react-native-fbsdk-next:
    :path: "../node_modules/react-native-fbsdk-next"
  react-native-geolocation-service:
    :path: "../node_modules/react-native-geolocation-service"
  react-native-get-random-values:
    :path: "../node_modules/react-native-get-random-values"
  react-native-google-maps:
    :path: "../node_modules/react-native-maps"
  react-native-image-picker:
    :path: "../node_modules/react-native-image-picker"
  react-native-image-resizer:
    :path: "../node_modules/react-native-image-resizer"
  react-native-maps:
    :path: "../node_modules/react-native-maps"
  react-native-onesignal:
    :path: "../node_modules/react-native-onesignal"
  react-native-pager-view:
    :path: "../node_modules/react-native-pager-view"
  react-native-render-html:
    :path: "../node_modules/react-native-render-html"
  react-native-safe-area-context:
    :path: "../node_modules/react-native-safe-area-context"
  react-native-splash-screen:
    :path: "../node_modules/react-native-splash-screen"
  react-native-tiktok:
    :path: "../node_modules/react-native-tiktok"
  react-native-video:
    :path: "../node_modules/react-native-video"
  react-native-view-shot:
    :path: "../node_modules/react-native-view-shot"
  react-native-webview:
    :path: "../node_modules/react-native-webview"
  React-perflogger:
    :path: "../node_modules/react-native/ReactCommon/reactperflogger"
  React-RCTActionSheet:
    :path: "../node_modules/react-native/Libraries/ActionSheetIOS"
  React-RCTAnimation:
    :path: "../node_modules/react-native/Libraries/NativeAnimation"
  React-RCTAppDelegate:
    :path: "../node_modules/react-native/Libraries/AppDelegate"
  React-RCTBlob:
    :path: "../node_modules/react-native/Libraries/Blob"
  React-RCTImage:
    :path: "../node_modules/react-native/Libraries/Image"
  React-RCTLinking:
    :path: "../node_modules/react-native/Libraries/LinkingIOS"
  React-RCTNetwork:
    :path: "../node_modules/react-native/Libraries/Network"
  React-RCTSettings:
    :path: "../node_modules/react-native/Libraries/Settings"
  React-RCTText:
    :path: "../node_modules/react-native/Libraries/Text"
  React-RCTVibration:
    :path: "../node_modules/react-native/Libraries/Vibration"
  React-runtimeexecutor:
    :path: "../node_modules/react-native/ReactCommon/runtimeexecutor"
  ReactCommon:
    :path: "../node_modules/react-native/ReactCommon"
  ReactNativeGetLocation:
    :path: "../node_modules/react-native-get-location"
  rn-fetch-blob:
    :path: "../node_modules/rn-fetch-blob"
  RNAppleAuthentication:
    :path: "../node_modules/@invertase/react-native-apple-authentication"
  RNCAsyncStorage:
    :path: "../node_modules/@react-native-async-storage/async-storage"
  RNCMaskedView:
    :path: "../node_modules/@react-native-masked-view/masked-view"
  RNDateTimePicker:
    :path: "../node_modules/@react-native-community/datetimepicker"
  RNFastImage:
    :path: "../node_modules/react-native-fast-image"
  RNFS:
    :path: "../node_modules/react-native-fs"
  RNGestureHandler:
    :path: "../node_modules/react-native-gesture-handler"
  RNGoogleSignin:
    :path: "../node_modules/@react-native-google-signin/google-signin"
  RNImageCropPicker:
    :path: "../node_modules/react-native-image-crop-picker"
  rnmapbox-maps:
    :path: "../node_modules/@rnmapbox/maps"
  RNPermissions:
    :path: "../node_modules/react-native-permissions"
  RNReanimated:
    :path: "../node_modules/react-native-reanimated"
  RNScreens:
    :path: "../node_modules/react-native-screens"
  RNShare:
    :path: "../node_modules/react-native-share"
  RNSound:
    :path: "../node_modules/react-native-sound"
  RNSVG:
    :path: "../node_modules/react-native-svg"
  RNZipArchive:
    :path: "../node_modules/react-native-zip-archive"
  ViroKit:
    :path: "../node_modules/@viro-community/react-viro/ios/dist/ViroRenderer/"
  ViroReact:
    :path: "../node_modules/@viro-community/react-viro/ios/"
  Yoga:
    :path: "../node_modules/react-native/ReactCommon/yoga"

SPEC CHECKSUMS:
  AppAuth: a13994980c1ec792f7e2e665acd4d4aa6be43240
  boost: 57d2868c099736d80fcd648bf211b4431e51a558
  BVLinearGradient: 880f91a7854faff2df62518f0281afb1c60d49a3
  DoubleConversion: 5189b271737e1565bdce30deb4a08d647e3f5f54
  FBAEMKit: af2972f39bb0f3f7c45998f435b007833c32ffb2
  FBLazyVector: c511d4cd0210f416cb5c289bd5ae6b36d909b048
  FBReactNativeSpec: a911fb22def57aef1d74215e8b6b8761d25c1c54
  FBSDKCoreKit: 19e2e18b3be578d7a51fed8fdd8c152bef0b9511
  FBSDKCoreKit_Basics: dd9826ce3c9fd9f8cdf8dbbd0ef0a53e6c0c9e7e
  FBSDKGamingServicesKit: 791d9b1de6da359e92da3b1ba3459f36b0aa604f
  FBSDKLoginKit: c395c63a1a6cf4a8a1e6103fd94b8c46329ee81c
  FBSDKShareKit: de5c291ad414ec07048ab09bae1b1b74b3ed92fe
  fmt: ff9d55029c625d3757ed641535fd4a75fedc7ce9
  glog: 04b94705f318337d7ead9e6d17c019bd9b1f6b1b
  Google-Maps-iOS-Utils: f77eab4c4326d7e6a277f8e23a0232402731913a
  GoogleMaps: 032f676450ba0779bd8ce16840690915f84e57ac
  GoogleSignIn: b232380cf495a429b8095d3178a8d5855b42e842
  GTMAppAuth: 99fb010047ba3973b7026e45393f51f27ab965ae
  GTMSessionFetcher: 8a1b34ad97ebe6f909fb8b9b77fba99943007556
  libwebp: 1786c9f4ff8a279e4dac1e8f385004d5fc253009
  MapboxCommon: 0ff437e44988da6856e280d00ffb266564ed0487
  MapboxCoreMaps: f1bd9405f5b9d3e343f2fe4138775299699a22fb
  MapboxMaps: e76b14f52c54c40b76ddecd04f40448e6f35a864
  MapboxMobileEvents: de50b3a4de180dd129c326e09cd12c8adaaa46d6
  OneSignalXCFramework: 3c3ef25ecca5eae1bf80a3272c49fd1dbab96b35
  RCT-Folly: 424b8c9a7a0b9ab2886ffe9c3b041ef628fd4fb1
  RCTRequired: f6187ec763637e6a57f5728dd9a3bdabc6d6b4e0
  RCTTypeSafety: a01aca2dd3b27fa422d5239252ad38e54e958750
  React: 741b4f5187e7a2137b69c88e65f940ba40600b4b
  React-callinvoker: 72ba74b2d5d690c497631191ae6eeca0c043d9cf
  React-Codegen: 6a3870e906e80066a9b707389846c692a02415d9
  React-Core: 9cf97a2d0830a024deffebe873407f6717bbcc19
  React-CoreModules: ffd19b082fc36b9b463fedf30955138b5426c053
  React-cxxreact: f88c74ac51e59c294fbf825974d377fcf9641eba
  React-jsc: 75bfda40ea4032b5018875355ab5ee089ac748bf
  React-jsi: 71ae5726d2b0fd6b0aaa0845a9294739cf4c95c6
  React-jsiexecutor: 089cd07c76ecf498960a64ba8ae0f2dddd382f44
  React-jsinspector: b6ed4cb3ffa27a041cd440300503dc512b761450
  React-logger: 186dd536128ae5924bc38ed70932c00aa740cd5b
  react-native-blur: 69ecfe61d81b32ee7baae10f5d17aeb4e2594b10
  react-native-cameraroll: 2566fbd372c08338435a78bc04a353e0bac5fcfb
  react-native-compass-heading: 1b4403d1c99dfd8311073ca8fc52bfc8e365cfac
  react-native-contacts: cb4f3b823550adbce0802901b9e63bf1526ec0af
  react-native-fbsdk-next: 9c40664b1501be29572795c2e4c8e347f39f556f
  react-native-geolocation-service: 608e1da71a1ac31b4de64d9ef2815f697978c55b
  react-native-get-random-values: 384787fd76976f5aec9465aff6fa9e9129af1e74
  react-native-google-maps: 94df984b1647973baffe17c0b7b52828d6b69d94
  react-native-image-picker: 5e076db26cd81660cfb6db5bcf517cfa12054d45
  react-native-image-resizer: d9fb629a867335bdc13230ac2a58702bb8c8828f
  react-native-maps: cbf2f03bfeebfd7ec45966b066db13a075fd2af3
  react-native-onesignal: 55ecc835638c7ee860583e080762cd9b7512671c
  react-native-pager-view: 712081434052f3af89ef00e8a353a7d351e62eeb
  react-native-render-html: 984dfe2294163d04bf5fe25d7c9f122e60e05ebe
  react-native-safe-area-context: b8979f5eda6ed5903d4dbc885be3846ea3daa753
  react-native-splash-screen: 4312f786b13a81b5169ef346d76d33bc0c6dc457
  react-native-tiktok: 7daefc5ab8c024fdd077e12e3429bee7e75dc385
  react-native-video: c26780b224543c62d5e1b2a7244a5cd1b50e8253
  react-native-view-shot: 6b7ed61d77d88580fed10954d45fad0eb2d47688
  react-native-webview: f817a7bfd394634877638019ceac547996561372
  React-perflogger: e706562ab7eb8eb590aa83a224d26fa13963d7f2
  React-RCTActionSheet: 57d4bd98122f557479a3359ad5dad8e109e20c5a
  React-RCTAnimation: ccf3ef00101ea74bda73a045d79a658b36728a60
  React-RCTAppDelegate: de78bc79e1a469ffa275fbe3948356cea061c4bb
  React-RCTBlob: 519c8ecb8ef83ce461a5670bdaf2fef882af3393
  React-RCTImage: f2e4904566ccccaa4b704170fcc5ae144ca347bf
  React-RCTLinking: 52a3740e3651e30aa11dff5a6debed7395dd8169
  React-RCTNetwork: ea0976f2b3ffc7877cd7784e351dc460adf87b12
  React-RCTSettings: ed5ac992b23e25c65c3cc31f11b5c940ae5e3e60
  React-RCTText: c9dfc6722621d56332b4f3a19ac38105e7504145
  React-RCTVibration: f09f08de63e4122deb32506e20ca4cae6e4e14c1
  React-runtimeexecutor: 4817d63dbc9d658f8dc0ec56bd9b83ce531129f0
  ReactCommon: 154ea4b064ea8d82b2bd31080589fc7f5959ff9b
  ReactNativeGetLocation: b4379a01dff72507d9abce5f4d569b98abef7761
  rn-fetch-blob: f065bb7ab7fb48dd002629f8bdcb0336602d3cba
  RNAppleAuthentication: e99eaf3c4c01ad8ecb6125dd6f0cfd98871685b5
  RNCAsyncStorage: 618d03a5f52fbccb3d7010076bc54712844c18ef
  RNCMaskedView: 949696f25ec596bfc697fc88e6f95cf0c79669b6
  RNDateTimePicker: fc2e4f2795877d45e84d85659bebe627eba5c931
  RNFastImage: 8c1b576a014ab4a22769222522a1e398f888b8f8
  RNFS: 4ac0f0ea233904cb798630b3c077808c06931688
  RNGestureHandler: 42ec7c28dd02d540ed6c9159c57a98ff016492dc
  RNGoogleSignin: fc408799f1990a12497a32f64280c0fe353ffcc1
  RNImageCropPicker: 35a3ceb837446fa11547704709bb22b5fac6d584
  rnmapbox-maps: 86b215fe77632a897b34a2dbf0c3ad4e9e8c3570
  RNPermissions: 6ec857b1b6cdb480faf4135082acdb181abf1f09
  RNReanimated: cc5e3aa479cb9170bcccf8204291a6950a3be128
  RNScreens: 0bd9eec783bed1032e02a4db9976dae1664a5c7b
  RNShare: 859ff710211285676b0bcedd156c12437ea1d564
  RNSound: 6c156f925295bdc83e8e422e7d8b38d33bc71852
  RNSVG: ba3e7232f45e34b7b47e74472386cf4e1a676d0a
  RNZipArchive: ef9451b849c45a29509bf44e65b788829ab07801
  SDWebImage: 9c36e66c8ce4620b41a7407698dda44211a96764
  SDWebImageWebPCoder: 908b83b6adda48effe7667cd2b7f78c897e5111d
  SSZipArchive: fe6a26b2a54d5a0890f2567b5cc6de5caa600aef
  TikTokOpenSDK: dc1199ba9c6d7815aee0eaca6ec80ad13f7d9c1f
  TOCropViewController: edfd4f25713d56905ad1e0b9f5be3fbe0f59c863
  Turf: aa2ede4298009639d10db36aba1a7ebaad072a5e
  ViroKit: 700d3d4ca086368d06224de1cbbc19781aea2094
  ViroReact: f4980e6b04918c4340637f9cbaae22a6bb7ea440
  Yoga: f7decafdc5e8c125e6fa0da38a687e35238420fa

PODFILE CHECKSUM: 18fb42f9f1f9a7ce22c69ac1ee7f4f95eadfa88b

COCOAPODS: 1.15.2
