PODS:
  - AppAuth (1.7.6):
    - AppAuth/Core (= 1.7.6)
    - AppAuth/ExternalUserAgent (= 1.7.6)
  - AppAuth/Core (1.7.6)
  - AppAuth/ExternalUserAgent (1.7.6):
    - AppAuth/Core
  - boost (1.76.0)
  - BVLinearGradient (2.8.3):
    - React-Core
  - DoubleConversion (1.1.6)
  - FBAEMKit (16.3.1):
    - FBSDKCoreKit_Basics (= 16.3.1)
  - FBLazyVector (0.71.19)
  - FBReactNativeSpec (0.71.19):
    - RCT-Folly (= 2021.07.22.00)
    - RCTRequired (= 0.71.19)
    - RCTTypeSafety (= 0.71.19)
    - React-Core (= 0.71.19)
    - React-jsi (= 0.71.19)
    - ReactCommon/turbomodule/core (= 0.71.19)
  - FBSDKCoreKit (16.3.1):
    - FBAEMKit (= 16.3.1)
    - FBSDKCoreKit_Basics (= 16.3.1)
  - FBSDKCoreKit_Basics (16.3.1)
  - FBSDKGamingServicesKit (16.3.1):
    - FBSDKCoreKit (= 16.3.1)
    - FBSDKCoreKit_Basics (= 16.3.1)
    - FBSDKShareKit (= 16.3.1)
  - FBSDKLoginKit (16.3.1):
    - FBSDKCoreKit (= 16.3.1)
  - FBSDKShareKit (16.3.1):
    - FBSDKCoreKit (= 16.3.1)
  - fmt (6.2.1)
  - glog (0.3.5)
  - Google-Maps-iOS-Utils (4.1.0):
    - Google-Maps-iOS-Utils/Clustering (= 4.1.0)
    - Google-Maps-iOS-Utils/Geometry (= 4.1.0)
    - Google-Maps-iOS-Utils/GeometryUtils (= 4.1.0)
    - Google-Maps-iOS-Utils/Heatmap (= 4.1.0)
    - Google-Maps-iOS-Utils/QuadTree (= 4.1.0)
    - GoogleMaps
  - Google-Maps-iOS-Utils/Clustering (4.1.0):
    - Google-Maps-iOS-Utils/QuadTree
    - GoogleMaps
  - Google-Maps-iOS-Utils/Geometry (4.1.0):
    - GoogleMaps
  - Google-Maps-iOS-Utils/GeometryUtils (4.1.0):
    - GoogleMaps
  - Google-Maps-iOS-Utils/Heatmap (4.1.0):
    - Google-Maps-iOS-Utils/QuadTree
    - GoogleMaps
  - Google-Maps-iOS-Utils/QuadTree (4.1.0):
    - GoogleMaps
  - GoogleMaps (7.4.0):
    - GoogleMaps/Maps (= 7.4.0)
  - GoogleMaps/Base (7.4.0)
  - GoogleMaps/Maps (7.4.0):
    - GoogleMaps/Base
  - GoogleSignIn (7.0.0):
    - AppAuth (~> 1.5)
    - GTMAppAuth (< 3.0, >= 1.3)
    - GTMSessionFetcher/Core (< 4.0, >= 1.1)
  - GTMAppAuth (2.0.0):
    - AppAuth/Core (~> 1.6)
    - GTMSessionFetcher/Core (< 4.0, >= 1.5)
  - GTMSessionFetcher/Core (3.5.0)
  - libwebp (1.3.2):
    - libwebp/demux (= 1.3.2)
    - libwebp/mux (= 1.3.2)
    - libwebp/sharpyuv (= 1.3.2)
    - libwebp/webp (= 1.3.2)
  - libwebp/demux (1.3.2):
    - libwebp/webp
  - libwebp/mux (1.3.2):
    - libwebp/demux
  - libwebp/sharpyuv (1.3.2)
  - libwebp/webp (1.3.2):
    - libwebp/sharpyuv
  - MapboxCommon (23.11.0)
  - MapboxCoreMaps (10.19.1):
    - MapboxCommon (~> 23.11)
  - MapboxMaps (10.19.0):
    - MapboxCommon (= 23.11.0)
    - MapboxCoreMaps (= 10.19.1)
    - MapboxMobileEvents (= 2.0.0)
    - Turf (= 2.8.0)
  - MapboxMobileEvents (2.0.0)
  - OneSignalXCFramework (3.12.10):
    - OneSignalXCFramework/OneSignalCore (= 3.12.10)
    - OneSignalXCFramework/OneSignalExtension (= 3.12.10)
    - OneSignalXCFramework/OneSignalOutcomes (= 3.12.10)
  - OneSignalXCFramework/OneSignalCore (3.12.10)
  - OneSignalXCFramework/OneSignalExtension (3.12.10):
    - OneSignalXCFramework/OneSignalCore
    - OneSignalXCFramework/OneSignalOutcomes
  - OneSignalXCFramework/OneSignalOutcomes (3.12.10):
    - OneSignalXCFramework/OneSignalCore
  - RCT-Folly (2021.07.22.00):
    - boost
    - DoubleConversion
    - fmt (~> 6.2.1)
    - glog
    - RCT-Folly/Default (= 2021.07.22.00)
  - RCT-Folly/Default (2021.07.22.00):
    - boost
    - DoubleConversion
    - fmt (~> 6.2.1)
    - glog
  - RCTRequired (0.71.19)
  - RCTTypeSafety (0.71.19):
    - FBLazyVector (= 0.71.19)
    - RCTRequired (= 0.71.19)
    - React-Core (= 0.71.19)
  - React (0.71.19):
    - React-Core (= 0.71.19)
    - React-Core/DevSupport (= 0.71.19)
    - React-Core/RCTWebSocket (= 0.71.19)
    - React-RCTActionSheet (= 0.71.19)
    - React-RCTAnimation (= 0.71.19)
    - React-RCTBlob (= 0.71.19)
    - React-RCTImage (= 0.71.19)
    - React-RCTLinking (= 0.71.19)
    - React-RCTNetwork (= 0.71.19)
    - React-RCTSettings (= 0.71.19)
    - React-RCTText (= 0.71.19)
    - React-RCTVibration (= 0.71.19)
  - React-callinvoker (0.71.19)
  - React-Codegen (0.71.19):
    - FBReactNativeSpec
    - RCT-Folly
    - RCTRequired
    - RCTTypeSafety
    - React-Core
    - React-jsc
    - React-jsi
    - React-jsiexecutor
    - ReactCommon/turbomodule/bridging
    - ReactCommon/turbomodule/core
  - React-Core (0.71.19):
    - glog
    - RCT-Folly (= 2021.07.22.00)
    - React-Core/Default (= 0.71.19)
    - React-cxxreact (= 0.71.19)
    - React-jsc
    - React-jsi (= 0.71.19)
    - React-jsiexecutor (= 0.71.19)
    - React-perflogger (= 0.71.19)
    - Yoga
  - React-Core/CoreModulesHeaders (0.71.19):
    - glog
    - RCT-Folly (= 2021.07.22.00)
    - React-Core/Default
    - React-cxxreact (= 0.71.19)
    - React-jsc
    - React-jsi (= 0.71.19)
    - React-jsiexecutor (= 0.71.19)
    - React-perflogger (= 0.71.19)
    - Yoga
  - React-Core/Default (0.71.19):
    - glog
    - RCT-Folly (= 2021.07.22.00)
    - React-cxxreact (= 0.71.19)
    - React-jsc
    - React-jsi (= 0.71.19)
    - React-jsiexecutor (= 0.71.19)
    - React-perflogger (= 0.71.19)
    - Yoga
  - React-Core/DevSupport (0.71.19):
    - glog
    - RCT-Folly (= 2021.07.22.00)
    - React-Core/Default (= 0.71.19)
    - React-Core/RCTWebSocket (= 0.71.19)
    - React-cxxreact (= 0.71.19)
    - React-jsc
    - React-jsi (= 0.71.19)
    - React-jsiexecutor (= 0.71.19)
    - React-jsinspector (= 0.71.19)
    - React-perflogger (= 0.71.19)
    - Yoga
  - React-Core/RCTActionSheetHeaders (0.71.19):
    - glog
    - RCT-Folly (= 2021.07.22.00)
    - React-Core/Default
    - React-cxxreact (= 0.71.19)
    - React-jsc
    - React-jsi (= 0.71.19)
    - React-jsiexecutor (= 0.71.19)
    - React-perflogger (= 0.71.19)
    - Yoga
  - React-Core/RCTAnimationHeaders (0.71.19):
    - glog
    - RCT-Folly (= 2021.07.22.00)
    - React-Core/Default
    - React-cxxreact (= 0.71.19)
    - React-jsc
    - React-jsi (= 0.71.19)
    - React-jsiexecutor (= 0.71.19)
    - React-perflogger (= 0.71.19)
    - Yoga
  - React-Core/RCTBlobHeaders (0.71.19):
    - glog
    - RCT-Folly (= 2021.07.22.00)
    - React-Core/Default
    - React-cxxreact (= 0.71.19)
    - React-jsc
    - React-jsi (= 0.71.19)
    - React-jsiexecutor (= 0.71.19)
    - React-perflogger (= 0.71.19)
    - Yoga
  - React-Core/RCTImageHeaders (0.71.19):
    - glog
    - RCT-Folly (= 2021.07.22.00)
    - React-Core/Default
    - React-cxxreact (= 0.71.19)
    - React-jsc
    - React-jsi (= 0.71.19)
    - React-jsiexecutor (= 0.71.19)
    - React-perflogger (= 0.71.19)
    - Yoga
  - React-Core/RCTLinkingHeaders (0.71.19):
    - glog
    - RCT-Folly (= 2021.07.22.00)
    - React-Core/Default
    - React-cxxreact (= 0.71.19)
    - React-jsc
    - React-jsi (= 0.71.19)
    - React-jsiexecutor (= 0.71.19)
    - React-perflogger (= 0.71.19)
    - Yoga
  - React-Core/RCTNetworkHeaders (0.71.19):
    - glog
    - RCT-Folly (= 2021.07.22.00)
    - React-Core/Default
    - React-cxxreact (= 0.71.19)
    - React-jsc
    - React-jsi (= 0.71.19)
    - React-jsiexecutor (= 0.71.19)
    - React-perflogger (= 0.71.19)
    - Yoga
  - React-Core/RCTSettingsHeaders (0.71.19):
    - glog
    - RCT-Folly (= 2021.07.22.00)
    - React-Core/Default
    - React-cxxreact (= 0.71.19)
    - React-jsc
    - React-jsi (= 0.71.19)
    - React-jsiexecutor (= 0.71.19)
    - React-perflogger (= 0.71.19)
    - Yoga
  - React-Core/RCTTextHeaders (0.71.19):
    - glog
    - RCT-Folly (= 2021.07.22.00)
    - React-Core/Default
    - React-cxxreact (= 0.71.19)
    - React-jsc
    - React-jsi (= 0.71.19)
    - React-jsiexecutor (= 0.71.19)
    - React-perflogger (= 0.71.19)
    - Yoga
  - React-Core/RCTVibrationHeaders (0.71.19):
    - glog
    - RCT-Folly (= 2021.07.22.00)
    - React-Core/Default
    - React-cxxreact (= 0.71.19)
    - React-jsc
    - React-jsi (= 0.71.19)
    - React-jsiexecutor (= 0.71.19)
    - React-perflogger (= 0.71.19)
    - Yoga
  - React-Core/RCTWebSocket (0.71.19):
    - glog
    - RCT-Folly (= 2021.07.22.00)
    - React-Core/Default (= 0.71.19)
    - React-cxxreact (= 0.71.19)
    - React-jsc
    - React-jsi (= 0.71.19)
    - React-jsiexecutor (= 0.71.19)
    - React-perflogger (= 0.71.19)
    - Yoga
  - React-CoreModules (0.71.19):
    - RCT-Folly (= 2021.07.22.00)
    - RCTTypeSafety (= 0.71.19)
    - React-Codegen (= 0.71.19)
    - React-Core/CoreModulesHeaders (= 0.71.19)
    - React-jsi (= 0.71.19)
    - React-RCTBlob
    - React-RCTImage (= 0.71.19)
    - ReactCommon/turbomodule/core (= 0.71.19)
  - React-cxxreact (0.71.19):
    - boost (= 1.76.0)
    - DoubleConversion
    - glog
    - RCT-Folly (= 2021.07.22.00)
    - React-callinvoker (= 0.71.19)
    - React-jsi (= 0.71.19)
    - React-jsinspector (= 0.71.19)
    - React-logger (= 0.71.19)
    - React-perflogger (= 0.71.19)
    - React-runtimeexecutor (= 0.71.19)
  - React-jsc (0.71.19):
    - React-jsc/Fabric (= 0.71.19)
    - React-jsi (= 0.71.19)
  - React-jsc/Fabric (0.71.19):
    - React-jsi (= 0.71.19)
  - React-jsi (0.71.19):
    - boost (= 1.76.0)
    - DoubleConversion
    - glog
    - RCT-Folly (= 2021.07.22.00)
  - React-jsiexecutor (0.71.19):
    - DoubleConversion
    - glog
    - RCT-Folly (= 2021.07.22.00)
    - React-cxxreact (= 0.71.19)
    - React-jsi (= 0.71.19)
    - React-perflogger (= 0.71.19)
  - React-jsinspector (0.71.19)
  - React-logger (0.71.19):
    - glog
  - react-native-blur (4.4.1):
    - RCT-Folly (= 2021.07.22.00)
    - React-Core
  - react-native-cameraroll (7.8.3):
    - RCT-Folly (= 2021.07.22.00)
    - React-Core
  - react-native-compass-heading (1.5.0):
    - React-Core
  - react-native-contacts (7.0.8):
    - React-Core
  - react-native-fbsdk-next (12.2.0):
    - React-Core
    - react-native-fbsdk-next/Core (= 12.2.0)
    - react-native-fbsdk-next/Login (= 12.2.0)
    - react-native-fbsdk-next/Share (= 12.2.0)
  - react-native-fbsdk-next/Core (12.2.0):
    - FBSDKCoreKit (~> 16.3.1)
    - React-Core
  - react-native-fbsdk-next/Login (12.2.0):
    - FBSDKLoginKit (~> 16.3.1)
    - React-Core
  - react-native-fbsdk-next/Share (12.2.0):
    - FBSDKGamingServicesKit (~> 16.3.1)
    - FBSDKShareKit (~> 16.3.1)
    - React-Core
  - react-native-geolocation (3.4.0):
    - RCT-Folly (= 2021.07.22.00)
    - React-Core
  - react-native-geolocation-service (5.3.1):
    - React
  - react-native-get-random-values (1.11.0):
    - React-Core
  - react-native-google-maps (1.7.1):
    - Google-Maps-iOS-Utils (= 4.1.0)
    - GoogleMaps (= 7.4.0)
    - React-Core
  - react-native-image-picker (7.1.2):
    - RCT-Folly (= 2021.07.22.00)
    - React-Core
  - react-native-image-resizer (1.4.5):
    - React-Core
  - react-native-maps (1.7.1):
    - React-Core
  - react-native-onesignal (4.5.4):
    - OneSignalXCFramework (= 3.12.10)
    - React (< 1.0.0, >= 0.13.0)
  - react-native-pager-view (6.4.1):
    - RCT-Folly (= 2021.07.22.00)
    - React-Core
  - react-native-render-html (6.3.4):
    - React-Core
  - react-native-safe-area-context (4.14.0):
    - React-Core
  - react-native-splash-screen (3.3.0):
    - React-Core
  - react-native-tiktok (1.0.1):
    - React-Core
    - TikTokOpenSDK (= 5.0.15)
  - react-native-unity (1.0.10):
    - RCT-Folly (= 2021.07.22.00)
    - React-Core
  - react-native-video (5.2.1):
    - React-Core
    - react-native-video/Video (= 5.2.1)
  - react-native-video/Video (5.2.1):
    - React-Core
  - react-native-view-shot (3.8.0):
    - React-Core
  - react-native-webview (13.12.3):
    - RCT-Folly (= 2021.07.22.00)
    - React-Core
  - React-perflogger (0.71.19)
  - React-RCTActionSheet (0.71.19):
    - React-Core/RCTActionSheetHeaders (= 0.71.19)
  - React-RCTAnimation (0.71.19):
    - RCT-Folly (= 2021.07.22.00)
    - RCTTypeSafety (= 0.71.19)
    - React-Codegen (= 0.71.19)
    - React-Core/RCTAnimationHeaders (= 0.71.19)
    - React-jsi (= 0.71.19)
    - ReactCommon/turbomodule/core (= 0.71.19)
  - React-RCTAppDelegate (0.71.19):
    - RCT-Folly
    - RCTRequired
    - RCTTypeSafety
    - React-Core
    - ReactCommon/turbomodule/core
  - React-RCTBlob (0.71.19):
    - RCT-Folly (= 2021.07.22.00)
    - React-Codegen (= 0.71.19)
    - React-Core/RCTBlobHeaders (= 0.71.19)
    - React-Core/RCTWebSocket (= 0.71.19)
    - React-jsi (= 0.71.19)
    - React-RCTNetwork (= 0.71.19)
    - ReactCommon/turbomodule/core (= 0.71.19)
  - React-RCTImage (0.71.19):
    - RCT-Folly (= 2021.07.22.00)
    - RCTTypeSafety (= 0.71.19)
    - React-Codegen (= 0.71.19)
    - React-Core/RCTImageHeaders (= 0.71.19)
    - React-jsi (= 0.71.19)
    - React-RCTNetwork (= 0.71.19)
    - ReactCommon/turbomodule/core (= 0.71.19)
  - React-RCTLinking (0.71.19):
    - React-Codegen (= 0.71.19)
    - React-Core/RCTLinkingHeaders (= 0.71.19)
    - React-jsi (= 0.71.19)
    - ReactCommon/turbomodule/core (= 0.71.19)
  - React-RCTNetwork (0.71.19):
    - RCT-Folly (= 2021.07.22.00)
    - RCTTypeSafety (= 0.71.19)
    - React-Codegen (= 0.71.19)
    - React-Core/RCTNetworkHeaders (= 0.71.19)
    - React-jsi (= 0.71.19)
    - ReactCommon/turbomodule/core (= 0.71.19)
  - React-RCTSettings (0.71.19):
    - RCT-Folly (= 2021.07.22.00)
    - RCTTypeSafety (= 0.71.19)
    - React-Codegen (= 0.71.19)
    - React-Core/RCTSettingsHeaders (= 0.71.19)
    - React-jsi (= 0.71.19)
    - ReactCommon/turbomodule/core (= 0.71.19)
  - React-RCTText (0.71.19):
    - React-Core/RCTTextHeaders (= 0.71.19)
  - React-RCTVibration (0.71.19):
    - RCT-Folly (= 2021.07.22.00)
    - React-Codegen (= 0.71.19)
    - React-Core/RCTVibrationHeaders (= 0.71.19)
    - React-jsi (= 0.71.19)
    - ReactCommon/turbomodule/core (= 0.71.19)
  - React-runtimeexecutor (0.71.19):
    - React-jsi (= 0.71.19)
  - ReactCommon/turbomodule/bridging (0.71.19):
    - DoubleConversion
    - glog
    - RCT-Folly (= 2021.07.22.00)
    - React-callinvoker (= 0.71.19)
    - React-Core (= 0.71.19)
    - React-cxxreact (= 0.71.19)
    - React-jsi (= 0.71.19)
    - React-logger (= 0.71.19)
    - React-perflogger (= 0.71.19)
  - ReactCommon/turbomodule/core (0.71.19):
    - DoubleConversion
    - glog
    - RCT-Folly (= 2021.07.22.00)
    - React-callinvoker (= 0.71.19)
    - React-Core (= 0.71.19)
    - React-cxxreact (= 0.71.19)
    - React-jsi (= 0.71.19)
    - React-logger (= 0.71.19)
    - React-perflogger (= 0.71.19)
  - ReactNativeGetLocation (4.0.1):
    - React-Core
  - rn-fetch-blob (0.12.0):
    - React-Core
  - RNAppleAuthentication (2.4.0):
    - React-Core
  - RNCAsyncStorage (1.24.0):
    - React-Core
  - RNCMaskedView (0.2.9):
    - React-Core
  - RNDateTimePicker (7.6.4):
    - React-Core
  - RNFastImage (8.6.3):
    - React-Core
    - SDWebImage (~> 5.14.3)
    - SDWebImageWebPCoder (~> 0.8.4)
  - RNFS (2.20.0):
    - React-Core
  - RNGestureHandler (2.20.2):
    - RCT-Folly (= 2021.07.22.00)
    - React-Core
  - RNGoogleSignin (11.0.1):
    - GoogleSignIn (~> 7.0.0)
    - React-Core
  - RNImageCropPicker (0.36.2):
    - React-Core
    - React-RCTImage
    - RNImageCropPicker/QBImagePickerController (= 0.36.2)
    - TOCropViewController
  - RNImageCropPicker/QBImagePickerController (0.36.2):
    - React-Core
    - React-RCTImage
    - TOCropViewController
  - rnmapbox-maps (10.1.33):
    - MapboxMaps (~> 10.19.0)
    - React
    - React-Core
    - rnmapbox-maps/DynamicLibrary (= 10.1.33)
    - Turf
  - rnmapbox-maps/DynamicLibrary (10.1.33):
    - MapboxMaps (~> 10.19.0)
    - React
    - React-Core
    - Turf
  - RNPermissions (4.1.5):
    - React-Core
  - RNReanimated (2.14.4):
    - DoubleConversion
    - FBLazyVector
    - FBReactNativeSpec
    - glog
    - RCT-Folly
    - RCTRequired
    - RCTTypeSafety
    - React-callinvoker
    - React-Core
    - React-Core/DevSupport
    - React-Core/RCTWebSocket
    - React-CoreModules
    - React-cxxreact
    - React-jsi
    - React-jsiexecutor
    - React-jsinspector
    - React-RCTActionSheet
    - React-RCTAnimation
    - React-RCTBlob
    - React-RCTImage
    - React-RCTLinking
    - React-RCTNetwork
    - React-RCTSettings
    - React-RCTText
    - ReactCommon/turbomodule/core
    - Yoga
  - RNScreens (3.35.0):
    - RCT-Folly (= 2021.07.22.00)
    - React-Core
    - React-RCTImage
  - RNShare (10.2.1):
    - React-Core
  - RNSound (0.11.2):
    - React-Core
    - RNSound/Core (= 0.11.2)
  - RNSound/Core (0.11.2):
    - React-Core
  - RNSVG (14.2.0):
    - React-Core
  - RNZipArchive (6.0.9):
    - React-Core
    - RNZipArchive/Core (= 6.0.9)
    - SSZipArchive (~> 2.2)
  - RNZipArchive/Core (6.0.9):
    - React-Core
    - SSZipArchive (~> 2.2)
  - SDWebImage (5.14.3):
    - SDWebImage/Core (= 5.14.3)
  - SDWebImage/Core (5.14.3)
  - SDWebImageWebPCoder (0.8.5):
    - libwebp (~> 1.0)
    - SDWebImage/Core (~> 5.10)
  - SSZipArchive (2.4.3)
  - TikTokOpenSDK (5.0.15)
  - TOCropViewController (2.7.4)
  - Turf (2.8.0)
  - Yoga (1.14.0)

DEPENDENCIES:
  - boost (from `../node_modules/react-native/third-party-podspecs/boost.podspec`)
  - BVLinearGradient (from `../node_modules/react-native-linear-gradient`)
  - DoubleConversion (from `../node_modules/react-native/third-party-podspecs/DoubleConversion.podspec`)
  - FBLazyVector (from `../node_modules/react-native/Libraries/FBLazyVector`)
  - FBReactNativeSpec (from `../node_modules/react-native/React/FBReactNativeSpec`)
  - glog (from `../node_modules/react-native/third-party-podspecs/glog.podspec`)
  - GoogleMaps
  - RCT-Folly (from `../node_modules/react-native/third-party-podspecs/RCT-Folly.podspec`)
  - RCTRequired (from `../node_modules/react-native/Libraries/RCTRequired`)
  - RCTTypeSafety (from `../node_modules/react-native/Libraries/TypeSafety`)
  - React (from `../node_modules/react-native/`)
  - React-callinvoker (from `../node_modules/react-native/ReactCommon/callinvoker`)
  - React-Codegen (from `build/generated/ios`)
  - React-Core (from `../node_modules/react-native/`)
  - React-Core/RCTWebSocket (from `../node_modules/react-native/`)
  - React-CoreModules (from `../node_modules/react-native/React/CoreModules`)
  - React-cxxreact (from `../node_modules/react-native/ReactCommon/cxxreact`)
  - React-jsc (from `../node_modules/react-native/ReactCommon/jsc`)
  - React-jsi (from `../node_modules/react-native/ReactCommon/jsi`)
  - React-jsiexecutor (from `../node_modules/react-native/ReactCommon/jsiexecutor`)
  - React-jsinspector (from `../node_modules/react-native/ReactCommon/jsinspector`)
  - React-logger (from `../node_modules/react-native/ReactCommon/logger`)
  - "react-native-blur (from `../node_modules/@react-native-community/blur`)"
  - "react-native-cameraroll (from `../node_modules/@react-native-camera-roll/camera-roll`)"
  - react-native-compass-heading (from `../node_modules/react-native-compass-heading`)
  - react-native-contacts (from `../node_modules/react-native-contacts`)
  - react-native-fbsdk-next (from `../node_modules/react-native-fbsdk-next`)
  - "react-native-geolocation (from `../node_modules/@react-native-community/geolocation`)"
  - react-native-geolocation-service (from `../node_modules/react-native-geolocation-service`)
  - react-native-get-random-values (from `../node_modules/react-native-get-random-values`)
  - react-native-google-maps (from `../node_modules/react-native-maps`)
  - react-native-image-picker (from `../node_modules/react-native-image-picker`)
  - react-native-image-resizer (from `../node_modules/react-native-image-resizer`)
  - react-native-maps (from `../node_modules/react-native-maps`)
  - react-native-onesignal (from `../node_modules/react-native-onesignal`)
  - react-native-pager-view (from `../node_modules/react-native-pager-view`)
  - react-native-render-html (from `../node_modules/react-native-render-html`)
  - react-native-safe-area-context (from `../node_modules/react-native-safe-area-context`)
  - react-native-splash-screen (from `../node_modules/react-native-splash-screen`)
  - react-native-tiktok (from `../node_modules/react-native-tiktok`)
  - "react-native-unity (from `../node_modules/@azesmway/react-native-unity`)"
  - react-native-video (from `../node_modules/react-native-video`)
  - react-native-view-shot (from `../node_modules/react-native-view-shot`)
  - react-native-webview (from `../node_modules/react-native-webview`)
  - React-perflogger (from `../node_modules/react-native/ReactCommon/reactperflogger`)
  - React-RCTActionSheet (from `../node_modules/react-native/Libraries/ActionSheetIOS`)
  - React-RCTAnimation (from `../node_modules/react-native/Libraries/NativeAnimation`)
  - React-RCTAppDelegate (from `../node_modules/react-native/Libraries/AppDelegate`)
  - React-RCTBlob (from `../node_modules/react-native/Libraries/Blob`)
  - React-RCTImage (from `../node_modules/react-native/Libraries/Image`)
  - React-RCTLinking (from `../node_modules/react-native/Libraries/LinkingIOS`)
  - React-RCTNetwork (from `../node_modules/react-native/Libraries/Network`)
  - React-RCTSettings (from `../node_modules/react-native/Libraries/Settings`)
  - React-RCTText (from `../node_modules/react-native/Libraries/Text`)
  - React-RCTVibration (from `../node_modules/react-native/Libraries/Vibration`)
  - React-runtimeexecutor (from `../node_modules/react-native/ReactCommon/runtimeexecutor`)
  - ReactCommon/turbomodule/core (from `../node_modules/react-native/ReactCommon`)
  - ReactNativeGetLocation (from `../node_modules/react-native-get-location`)
  - rn-fetch-blob (from `../node_modules/rn-fetch-blob`)
  - "RNAppleAuthentication (from `../node_modules/@invertase/react-native-apple-authentication`)"
  - "RNCAsyncStorage (from `../node_modules/@react-native-async-storage/async-storage`)"
  - "RNCMaskedView (from `../node_modules/@react-native-masked-view/masked-view`)"
  - "RNDateTimePicker (from `../node_modules/@react-native-community/datetimepicker`)"
  - RNFastImage (from `../node_modules/react-native-fast-image`)
  - RNFS (from `../node_modules/react-native-fs`)
  - RNGestureHandler (from `../node_modules/react-native-gesture-handler`)
  - "RNGoogleSignin (from `../node_modules/@react-native-google-signin/google-signin`)"
  - RNImageCropPicker (from `../node_modules/react-native-image-crop-picker`)
  - "rnmapbox-maps (from `../node_modules/@rnmapbox/maps`)"
  - RNPermissions (from `../node_modules/react-native-permissions`)
  - RNReanimated (from `../node_modules/react-native-reanimated`)
  - RNScreens (from `../node_modules/react-native-screens`)
  - RNShare (from `../node_modules/react-native-share`)
  - RNSound (from `../node_modules/react-native-sound`)
  - RNSVG (from `../node_modules/react-native-svg`)
  - RNZipArchive (from `../node_modules/react-native-zip-archive`)
  - TikTokOpenSDK (~> 5.0.15)
  - Yoga (from `../node_modules/react-native/ReactCommon/yoga`)

SPEC REPOS:
  trunk:
    - AppAuth
    - FBAEMKit
    - FBSDKCoreKit
    - FBSDKCoreKit_Basics
    - FBSDKGamingServicesKit
    - FBSDKLoginKit
    - FBSDKShareKit
    - fmt
    - Google-Maps-iOS-Utils
    - GoogleMaps
    - GoogleSignIn
    - GTMAppAuth
    - GTMSessionFetcher
    - libwebp
    - MapboxCommon
    - MapboxCoreMaps
    - MapboxMaps
    - MapboxMobileEvents
    - OneSignalXCFramework
    - SDWebImage
    - SDWebImageWebPCoder
    - SSZipArchive
    - TikTokOpenSDK
    - TOCropViewController
    - Turf

EXTERNAL SOURCES:
  boost:
    :podspec: "../node_modules/react-native/third-party-podspecs/boost.podspec"
  BVLinearGradient:
    :path: "../node_modules/react-native-linear-gradient"
  DoubleConversion:
    :podspec: "../node_modules/react-native/third-party-podspecs/DoubleConversion.podspec"
  FBLazyVector:
    :path: "../node_modules/react-native/Libraries/FBLazyVector"
  FBReactNativeSpec:
    :path: "../node_modules/react-native/React/FBReactNativeSpec"
  glog:
    :podspec: "../node_modules/react-native/third-party-podspecs/glog.podspec"
  RCT-Folly:
    :podspec: "../node_modules/react-native/third-party-podspecs/RCT-Folly.podspec"
  RCTRequired:
    :path: "../node_modules/react-native/Libraries/RCTRequired"
  RCTTypeSafety:
    :path: "../node_modules/react-native/Libraries/TypeSafety"
  React:
    :path: "../node_modules/react-native/"
  React-callinvoker:
    :path: "../node_modules/react-native/ReactCommon/callinvoker"
  React-Codegen:
    :path: build/generated/ios
  React-Core:
    :path: "../node_modules/react-native/"
  React-CoreModules:
    :path: "../node_modules/react-native/React/CoreModules"
  React-cxxreact:
    :path: "../node_modules/react-native/ReactCommon/cxxreact"
  React-jsc:
    :path: "../node_modules/react-native/ReactCommon/jsc"
  React-jsi:
    :path: "../node_modules/react-native/ReactCommon/jsi"
  React-jsiexecutor:
    :path: "../node_modules/react-native/ReactCommon/jsiexecutor"
  React-jsinspector:
    :path: "../node_modules/react-native/ReactCommon/jsinspector"
  React-logger:
    :path: "../node_modules/react-native/ReactCommon/logger"
  react-native-blur:
    :path: "../node_modules/@react-native-community/blur"
  react-native-cameraroll:
    :path: "../node_modules/@react-native-camera-roll/camera-roll"
  react-native-compass-heading:
    :path: "../node_modules/react-native-compass-heading"
  react-native-contacts:
    :path: "../node_modules/react-native-contacts"
  react-native-fbsdk-next:
    :path: "../node_modules/react-native-fbsdk-next"
  react-native-geolocation:
    :path: "../node_modules/@react-native-community/geolocation"
  react-native-geolocation-service:
    :path: "../node_modules/react-native-geolocation-service"
  react-native-get-random-values:
    :path: "../node_modules/react-native-get-random-values"
  react-native-google-maps:
    :path: "../node_modules/react-native-maps"
  react-native-image-picker:
    :path: "../node_modules/react-native-image-picker"
  react-native-image-resizer:
    :path: "../node_modules/react-native-image-resizer"
  react-native-maps:
    :path: "../node_modules/react-native-maps"
  react-native-onesignal:
    :path: "../node_modules/react-native-onesignal"
  react-native-pager-view:
    :path: "../node_modules/react-native-pager-view"
  react-native-render-html:
    :path: "../node_modules/react-native-render-html"
  react-native-safe-area-context:
    :path: "../node_modules/react-native-safe-area-context"
  react-native-splash-screen:
    :path: "../node_modules/react-native-splash-screen"
  react-native-tiktok:
    :path: "../node_modules/react-native-tiktok"
  react-native-unity:
    :path: "../node_modules/@azesmway/react-native-unity"
  react-native-video:
    :path: "../node_modules/react-native-video"
  react-native-view-shot:
    :path: "../node_modules/react-native-view-shot"
  react-native-webview:
    :path: "../node_modules/react-native-webview"
  React-perflogger:
    :path: "../node_modules/react-native/ReactCommon/reactperflogger"
  React-RCTActionSheet:
    :path: "../node_modules/react-native/Libraries/ActionSheetIOS"
  React-RCTAnimation:
    :path: "../node_modules/react-native/Libraries/NativeAnimation"
  React-RCTAppDelegate:
    :path: "../node_modules/react-native/Libraries/AppDelegate"
  React-RCTBlob:
    :path: "../node_modules/react-native/Libraries/Blob"
  React-RCTImage:
    :path: "../node_modules/react-native/Libraries/Image"
  React-RCTLinking:
    :path: "../node_modules/react-native/Libraries/LinkingIOS"
  React-RCTNetwork:
    :path: "../node_modules/react-native/Libraries/Network"
  React-RCTSettings:
    :path: "../node_modules/react-native/Libraries/Settings"
  React-RCTText:
    :path: "../node_modules/react-native/Libraries/Text"
  React-RCTVibration:
    :path: "../node_modules/react-native/Libraries/Vibration"
  React-runtimeexecutor:
    :path: "../node_modules/react-native/ReactCommon/runtimeexecutor"
  ReactCommon:
    :path: "../node_modules/react-native/ReactCommon"
  ReactNativeGetLocation:
    :path: "../node_modules/react-native-get-location"
  rn-fetch-blob:
    :path: "../node_modules/rn-fetch-blob"
  RNAppleAuthentication:
    :path: "../node_modules/@invertase/react-native-apple-authentication"
  RNCAsyncStorage:
    :path: "../node_modules/@react-native-async-storage/async-storage"
  RNCMaskedView:
    :path: "../node_modules/@react-native-masked-view/masked-view"
  RNDateTimePicker:
    :path: "../node_modules/@react-native-community/datetimepicker"
  RNFastImage:
    :path: "../node_modules/react-native-fast-image"
  RNFS:
    :path: "../node_modules/react-native-fs"
  RNGestureHandler:
    :path: "../node_modules/react-native-gesture-handler"
  RNGoogleSignin:
    :path: "../node_modules/@react-native-google-signin/google-signin"
  RNImageCropPicker:
    :path: "../node_modules/react-native-image-crop-picker"
  rnmapbox-maps:
    :path: "../node_modules/@rnmapbox/maps"
  RNPermissions:
    :path: "../node_modules/react-native-permissions"
  RNReanimated:
    :path: "../node_modules/react-native-reanimated"
  RNScreens:
    :path: "../node_modules/react-native-screens"
  RNShare:
    :path: "../node_modules/react-native-share"
  RNSound:
    :path: "../node_modules/react-native-sound"
  RNSVG:
    :path: "../node_modules/react-native-svg"
  RNZipArchive:
    :path: "../node_modules/react-native-zip-archive"
  Yoga:
    :path: "../node_modules/react-native/ReactCommon/yoga"

SPEC CHECKSUMS:
  AppAuth: d4f13a8fe0baf391b2108511793e4b479691fb73
  boost: 7dcd2de282d72e344012f7d6564d024930a6a440
  BVLinearGradient: 880f91a7854faff2df62518f0281afb1c60d49a3
  DoubleConversion: 5189b271737e1565bdce30deb4a08d647e3f5f54
  FBAEMKit: 6c7b5eb77c96861bb59e040842c6e55bf39512ce
  FBLazyVector: 038aa5ab388c9eec7a6a65b71596afd9ff99c949
  FBReactNativeSpec: 25c3e937fdcfe4d7c898449051e1f30b93cc99ce
  FBSDKCoreKit: 5e4dd478947ab1bcc887e8cfadeae0727af1a942
  FBSDKCoreKit_Basics: cd7b5f5d1e8868c26706917919d058999ca672c3
  FBSDKGamingServicesKit: fb0dcf086e8ca51f5a0074908edb783dba286af0
  FBSDKLoginKit: 572cca0bc6c90067ef197187697cb3b584310c52
  FBSDKShareKit: d9269157b4e9620f0bc1a461c5ead35a65cede9a
  fmt: ff9d55029c625d3757ed641535fd4a75fedc7ce9
  glog: 04b94705f318337d7ead9e6d17c019bd9b1f6b1b
  Google-Maps-iOS-Utils: 3343332b18dfd5be8f1f44edd7d481ace3da4d9a
  GoogleMaps: 032f676450ba0779bd8ce16840690915f84e57ac
  GoogleSignIn: b232380cf495a429b8095d3178a8d5855b42e842
  GTMAppAuth: 99fb010047ba3973b7026e45393f51f27ab965ae
  GTMSessionFetcher: 5aea5ba6bd522a239e236100971f10cb71b96ab6
  libwebp: 1786c9f4ff8a279e4dac1e8f385004d5fc253009
  MapboxCommon: 119f3759f7dc9457f0695848108ab323eb643cb4
  MapboxCoreMaps: ca17f67baced23f8c952166ac6314c35bad3f66c
  MapboxMaps: b7f29ec7c33f7dc6d2947c1148edce6db81db9a7
  MapboxMobileEvents: d044b9edbe0ec7df60f6c2c9634fe9a7f449266b
  OneSignalXCFramework: e458f7a374192598a1d66418e1b61481c3cdf0e9
  RCT-Folly: 424b8c9a7a0b9ab2886ffe9c3b041ef628fd4fb1
  RCTRequired: 79b5f823c2b4b865451ba9ddb33c676786760ea8
  RCTTypeSafety: 4f6d5414413d8848923ccd448c4cef4b6ffcd403
  React: d277ab7d840987a460690fcbe979e9234785ad63
  React-callinvoker: 2d15c3bc682ef720a9a23428606aab643df74622
  React-Codegen: b521391bd508cb0d474ad6eb50600805123015db
  React-Core: 9206ab11c5c9e296fc43e592f6072256dcf2514b
  React-CoreModules: a70aed68d7cf8bb94f368cbfc8da02d9586e6a65
  React-cxxreact: 3cef28361f51cba4bb05a5b314da0b1c2e4fac59
  React-jsc: cfad3a0d557854d89deab220a6fa2fe80a53dd32
  React-jsi: 074f234c950899d09ab37037b496ff684686fde7
  React-jsiexecutor: 573a3cbd9526dc040351780a0dd2e1eadf13a81d
  React-jsinspector: e591d9ecb571456fc929ee10409d8847a442d6a7
  React-logger: 70ddbe0e07179c8adb94c4bffc36c6abc952d3d4
  react-native-blur: 4c25fdccf6dc16b0935baa58d9d0fccb0683742b
  react-native-cameraroll: 6d252600d122f6bc10d99d6ab82cdfd2c8bef70a
  react-native-compass-heading: 1b4403d1c99dfd8311073ca8fc52bfc8e365cfac
  react-native-contacts: cb4f3b823550adbce0802901b9e63bf1526ec0af
  react-native-fbsdk-next: fcecfa33c37ce63bcda9cd24766ee9d345463230
  react-native-geolocation: 2d8f71eb7d0c9a0c52f336d4634444488669371d
  react-native-geolocation-service: 608e1da71a1ac31b4de64d9ef2815f697978c55b
  react-native-get-random-values: 21325b2244dfa6b58878f51f9aa42821e7ba3d06
  react-native-google-maps: dd12cdd86b8e3fedbbb671676aedaa2f656e2ccd
  react-native-image-picker: 51fdb07f7ef722988c8a219e1416153760a25e4d
  react-native-image-resizer: d9fb629a867335bdc13230ac2a58702bb8c8828f
  react-native-maps: 667f9b975549c6fa9b1631bf859440f68ebd3b8f
  react-native-onesignal: 8d8f7d5e2cc44239fc0ec72fe9c6d27b939870fc
  react-native-pager-view: d1e43158dd108b1b7377d7972157317e06dcc579
  react-native-render-html: 984dfe2294163d04bf5fe25d7c9f122e60e05ebe
  react-native-safe-area-context: 4532f1a0c5d34a46b9324ccaaedcb5582a302b7d
  react-native-splash-screen: 4312f786b13a81b5169ef346d76d33bc0c6dc457
  react-native-tiktok: 7daefc5ab8c024fdd077e12e3429bee7e75dc385
  react-native-unity: b8caa8540a952542c759cee1e7ee19bf74166c4f
  react-native-video: c26780b224543c62d5e1b2a7244a5cd1b50e8253
  react-native-view-shot: 6b7ed61d77d88580fed10954d45fad0eb2d47688
  react-native-webview: 849250e66239f661c802a879c59e019da8a08736
  React-perflogger: 0ba097528e325435aca94b32b5330f58f6acb6fb
  React-RCTActionSheet: 805b3a83f3dd7ae5a1213ea9df0ed748eeb74b85
  React-RCTAnimation: 2a0233681dee47e468302b8233652b35b68329cb
  React-RCTAppDelegate: 6b21b760e352a5dfb754f99aa87d064eadc8d866
  React-RCTBlob: da66b16e14e2b67a82de3765e392e06a9bba6fdb
  React-RCTImage: 015ce2b9d2ad78c24deee5c807d88574225974f3
  React-RCTLinking: 6dd57d2d99ecdf6ee016c5a742ed9b68cdc8680a
  React-RCTNetwork: f14e9681496cd394196c2417966769d10b45e674
  React-RCTSettings: ce9d4d7dda6ad00acb1460a1a3a286d7e4e950bd
  React-RCTText: 4cbca7004176dd0ed495afa60a3978acf040059d
  React-RCTVibration: 5b2bfab941e938ee5060acefdd7598077b394975
  React-runtimeexecutor: b9be1f58ce9a8b849cb8a37dd998f04ca97e3619
  ReactCommon: 9a286942d05a50129b6712e19c2c6bbbd0afb014
  ReactNativeGetLocation: b4379a01dff72507d9abce5f4d569b98abef7761
  rn-fetch-blob: f065bb7ab7fb48dd002629f8bdcb0336602d3cba
  RNAppleAuthentication: e00c76acb03351f5544373c78fa7f359bef6d5d3
  RNCAsyncStorage: ec53e44dc3e75b44aa2a9f37618a49c3bc080a7a
  RNCMaskedView: 949696f25ec596bfc697fc88e6f95cf0c79669b6
  RNDateTimePicker: 08f00a2c341bf96e4b30da15799fbdd4c5fa48a3
  RNFastImage: 8c1b576a014ab4a22769222522a1e398f888b8f8
  RNFS: 4ac0f0ea233904cb798630b3c077808c06931688
  RNGestureHandler: 89b845775188bcda3cd2662c46f85c3575586843
  RNGoogleSignin: 24d3b3261f78b0fae0aa013f8ab6f8d25e369b0c
  RNImageCropPicker: 35a3ceb837446fa11547704709bb22b5fac6d584
  rnmapbox-maps: 334654168efcdc29584a9af1519d890a07a4a28e
  RNPermissions: 44af63c2760ca4fd466b5b2841a5cd516ce52319
  RNReanimated: cc5e3aa479cb9170bcccf8204291a6950a3be128
  RNScreens: 50ad6e3dbea9023272b3aa753e3ee2720b0c9b8f
  RNShare: 0fad69ae2d71de9d1f7b9a43acf876886a6cb99c
  RNSound: 6c156f925295bdc83e8e422e7d8b38d33bc71852
  RNSVG: 963a95f1f5d512a13d11ffd50d351c87fb5c6890
  RNZipArchive: 68a0c6db4b1c103f846f1559622050df254a3ade
  SDWebImage: 9c36e66c8ce4620b41a7407698dda44211a96764
  SDWebImageWebPCoder: 908b83b6adda48effe7667cd2b7f78c897e5111d
  SSZipArchive: fe6a26b2a54d5a0890f2567b5cc6de5caa600aef
  TikTokOpenSDK: dc1199ba9c6d7815aee0eaca6ec80ad13f7d9c1f
  TOCropViewController: 80b8985ad794298fb69d3341de183f33d1853654
  Turf: aa2ede4298009639d10db36aba1a7ebaad072a5e
  Yoga: d4f5b037672e6b68ba484c7cf7fe6790122df792

PODFILE CHECKSUM: 4a658dd0abee7bf89ad2b9ac79fb1db3211a6420

COCOAPODS: 1.15.2
